{
    "requires": true,
    "lockfileVersion": 1,
    "dependencies": {
        "livewire-sortable": {
            "version": "0.2.2",
            "resolved": "https://registry.npmjs.org/livewire-sortable/-/livewire-sortable-0.2.2.tgz",
            "integrity": "sha512-2Rmp+hC8zeiIFCKs7gZ0BrMmq8s/MJZObD048eczmZxY7yRjNOCQHAGyvnzSLaK6tH6OG5A5k9eI43A5IT8RRA==",
            "dev": true
        }
    }
}
